{
  "name": "client",
  "version": "0.1.0",
  "lockfileVersion": 1,
  "requires": true,
  "dependencies": {
    "axios": {
      "version": "0.21.1",
      "resolved": "https://registry.npmjs.org/axios/-/axios-0.21.1.tgz",
      "integrity": "sha512-dKQiRHxGD9PPRIUNIWvZhPTPpl1rf/OxTYKsqKUDjBwYylTvV7SjSHJb9ratfyzM6wCdLCOYLzs73qpg5c4iGA==",
      "requires": {
        "follow-redirects": "^1.10.0"
      },
      "dependencies": {
        "follow-redirects": {
          "version": "1.13.1",
          "resolved": "https://registry.npmjs.org/follow-redirects/-/follow-redirects-1.13.1.tgz",
          "integrity": "sha512-SSG5xmZh1mkPGyKzjZP8zLjltIfpW32Y5QpdNJyjcfGxK3qo3NDDkZOZSFiGn1A6SclQxY9GzEwAHQ3dmYRWpg=="
        }
      }
    },
    "materialize-css": {
      "version": "0.99.0",
      "resolved": "https://registry.npmjs.org/materialize-css/-/materialize-css-0.99.0.tgz",
      "integrity": "sha1-pdl6xl0XHVqhvGoaGdmEteF6kgI="
    },
    "react": {
      "version": "16.0.0-alpha.13",
      "resolved": "https://registry.npmjs.org/react/-/react-16.0.0-alpha.13.tgz",
      "integrity": "sha1-3jfgNbBig6Fc+5FsaUO5sGayXeA="
    },
    "react-dom": {
      "version": "16.0.0-alpha.13",
      "resolved": "https://registry.npmjs.org/react-dom/-/react-dom-16.0.0-alpha.13.tgz",
      "integrity": "sha1-wrOar4ZF8dZkYZ+0mh+7n2BxnCM="
    },
    "react-redux": {
      "version": "5.0.5",
      "resolved": "https://registry.npmjs.org/react-redux/-/react-redux-5.0.5.tgz",
      "integrity": "sha1-+OjHsjlCJXblLWt9sGQ5RpvphGo="
    },
    "react-router-dom": {
      "version": "4.1.1",
      "resolved": "https://registry.npmjs.org/react-router-dom/-/react-router-dom-4.1.1.tgz",
      "integrity": "sha1-MCGt4fLBYK+Xz5TiVZTF8pRYMCU="
    },
    "react-scripts": {
      "version": "1.0.10",
      "resolved": "https://registry.npmjs.org/react-scripts/-/react-scripts-1.0.10.tgz",
      "integrity": "sha1-h2A1WUdCIg9A/7hlpMfo3A+nriM=",
      "dependencies": {
        "promise": {
          "version": "7.1.1",
          "resolved": "https://registry.npmjs.org/promise/-/promise-7.1.1.tgz",
          "integrity": "sha1-SJZUxpJha4qlWwck+oCbt9tJxb8="
        }
      }
    },
    "react-stripe-checkout": {
      "version": "2.4.0",
      "resolved": "https://registry.npmjs.org/react-stripe-checkout/-/react-stripe-checkout-2.4.0.tgz",
      "integrity": "sha1-G5zcx57xMRmcw56USzTh6BoAzRA="
    },
    "redux": {
      "version": "3.7.1",
      "resolved": "https://registry.npmjs.org/redux/-/redux-3.7.1.tgz",
      "integrity": "sha512-iEVTlORM5mv6xb3ZAOyrVehVUD+W87jdFAX6SYVgZh3/SQAWFSxTRJOqPWQdvo4VN4lJkNDvqKlBXBabsJTSkA=="
    },
    "redux-form": {
      "version": "7.0.1",
      "resolved": "https://registry.npmjs.org/redux-form/-/redux-form-7.0.1.tgz",
      "integrity": "sha512-iQ8mLuqrMfdesaITxTk3qmgMPBfQ0qpvPD+QpeZAd6Tcn49H8jU3UJfW4ZndFsMiP6U6ZuFMz+TLDCSEeobBOg==",
      "dependencies": {
        "hoist-non-react-statics": {
          "version": "2.2.0",
          "resolved": "https://registry.npmjs.org/hoist-non-react-statics/-/hoist-non-react-statics-2.2.0.tgz",
          "integrity": "sha1-sJnKgvNkCxJEMJyKUmor1grZ19k="
        }
      }
    },
    "redux-thunk": {
      "version": "2.2.0",
      "resolved": "https://registry.npmjs.org/redux-thunk/-/redux-thunk-2.2.0.tgz",
      "integrity": "sha1-5hWhbha0ehmlFXZhM9Hj6Zt4UuU="
    }
  }
}
